// !$*UTF8*$!
{
	archiveVersion = 1;
	classes = {
	};
	objectVersion = 56;
	objects = {

/* Begin PBXBuildFile section */
		A304E94C2C56FB88005E2875 /* MovieListApiDataManager.swift in Sources */ = {isa = PBXBuildFile; fileRef = A304E94B2C56FB88005E2875 /* MovieListApiDataManager.swift */; };
		A304E94E2C570469005E2875 /* MovieListPresenterInputProtocol.swift in Sources */ = {isa = PBXBuildFile; fileRef = A304E94D2C570469005E2875 /* MovieListPresenterInputProtocol.swift */; };
		A304E9502C57047B005E2875 /* MovieListInteractorOutputProtocol.swift in Sources */ = {isa = PBXBuildFile; fileRef = A304E94F2C57047B005E2875 /* MovieListInteractorOutputProtocol.swift */; };
		A304E9532C570498005E2875 /* MovieListInteractorInputProtocol.swift in Sources */ = {isa = PBXBuildFile; fileRef = A304E9522C570498005E2875 /* MovieListInteractorInputProtocol.swift */; };
		A304E9572C570545005E2875 /* MovieListRouterProtocol.swift in Sources */ = {isa = PBXBuildFile; fileRef = A304E9562C570545005E2875 /* MovieListRouterProtocol.swift */; };
		A304E9592C5705A7005E2875 /* MovieListPresenterOutputProtocol.swift in Sources */ = {isa = PBXBuildFile; fileRef = A304E9582C5705A7005E2875 /* MovieListPresenterOutputProtocol.swift */; };
		A304E95D2C5707A0005E2875 /* MovieListApiDataManagerProtocol.swift in Sources */ = {isa = PBXBuildFile; fileRef = A304E95C2C5707A0005E2875 /* MovieListApiDataManagerProtocol.swift */; };
		A304E9612C586035005E2875 /* MovieViewModelMapper.swift in Sources */ = {isa = PBXBuildFile; fileRef = A304E9602C586035005E2875 /* MovieViewModelMapper.swift */; };
		A304E9632C5860FE005E2875 /* MovieViewModelMapperProtocol.swift in Sources */ = {isa = PBXBuildFile; fileRef = A304E9622C5860FE005E2875 /* MovieViewModelMapperProtocol.swift */; };
		A304E9672C586708005E2875 /* MovieDetailPresenter.swift in Sources */ = {isa = PBXBuildFile; fileRef = A304E9662C586708005E2875 /* MovieDetailPresenter.swift */; };
		A304E9692C586B2E005E2875 /* MovieDetailViewModelMapper.swift in Sources */ = {isa = PBXBuildFile; fileRef = A304E9682C586B2E005E2875 /* MovieDetailViewModelMapper.swift */; };
		A304E96C2C586BB0005E2875 /* MovieDetailViewModel.swift in Sources */ = {isa = PBXBuildFile; fileRef = A304E96B2C586BB0005E2875 /* MovieDetailViewModel.swift */; };
		A304E96F2C586FE2005E2875 /* MovieDetailInteractor.swift in Sources */ = {isa = PBXBuildFile; fileRef = A304E96E2C586FE2005E2875 /* MovieDetailInteractor.swift */; };
		A304E9722C5881D2005E2875 /* ImageLoaderService.swift in Sources */ = {isa = PBXBuildFile; fileRef = A304E9712C5881D2005E2875 /* ImageLoaderService.swift */; };
		A304E9752C5881ED005E2875 /* ImageLoaderServiceProtocol.swift in Sources */ = {isa = PBXBuildFile; fileRef = A304E9742C5881ED005E2875 /* ImageLoaderServiceProtocol.swift */; };
		A304E9802C58895B005E2875 /* SpaceMono-Italic.ttf in Resources */ = {isa = PBXBuildFile; fileRef = A304E97C2C58895A005E2875 /* SpaceMono-Italic.ttf */; };
		A304E9812C58895B005E2875 /* SpaceMono-Bold.ttf in Resources */ = {isa = PBXBuildFile; fileRef = A304E97D2C58895B005E2875 /* SpaceMono-Bold.ttf */; };
		A304E9822C58895B005E2875 /* SpaceMono-BoldItalic.ttf in Resources */ = {isa = PBXBuildFile; fileRef = A304E97E2C58895B005E2875 /* SpaceMono-BoldItalic.ttf */; };
		A304E9832C58895B005E2875 /* SpaceMono-Regular.ttf in Resources */ = {isa = PBXBuildFile; fileRef = A304E97F2C58895B005E2875 /* SpaceMono-Regular.ttf */; };
		A304E9852C588B13005E2875 /* UIFont+AppFonts.swift in Sources */ = {isa = PBXBuildFile; fileRef = A304E9842C588B13005E2875 /* UIFont+AppFonts.swift */; };
		A304E98B2C589B8F005E2875 /* MovieDetailInteractorInputProtocol.swift in Sources */ = {isa = PBXBuildFile; fileRef = A304E98A2C589B8F005E2875 /* MovieDetailInteractorInputProtocol.swift */; };
		A304E98D2C589BA1005E2875 /* MovieDetailInteractorOutputProtocol.swift in Sources */ = {isa = PBXBuildFile; fileRef = A304E98C2C589BA1005E2875 /* MovieDetailInteractorOutputProtocol.swift */; };
		A304E98F2C589BBA005E2875 /* MovieDetailPresenterInputProtocol.swift in Sources */ = {isa = PBXBuildFile; fileRef = A304E98E2C589BBA005E2875 /* MovieDetailPresenterInputProtocol.swift */; };
		A304E9912C589BC8005E2875 /* MovieDetailPresenterOutputProtocol.swift in Sources */ = {isa = PBXBuildFile; fileRef = A304E9902C589BC8005E2875 /* MovieDetailPresenterOutputProtocol.swift */; };
		A304E9932C589BD6005E2875 /* MovieDetailRouterProtocol.swift in Sources */ = {isa = PBXBuildFile; fileRef = A304E9922C589BD6005E2875 /* MovieDetailRouterProtocol.swift */; };
		A304E9962C589BEA005E2875 /* MovieDetailRouter.swift in Sources */ = {isa = PBXBuildFile; fileRef = A304E9952C589BEA005E2875 /* MovieDetailRouter.swift */; };
		A304E9982C58AD77005E2875 /* UIImage+Filters.swift in Sources */ = {isa = PBXBuildFile; fileRef = A304E9972C58AD77005E2875 /* UIImage+Filters.swift */; };
		A37C63582C535122009A0C40 /* AppDelegate.swift in Sources */ = {isa = PBXBuildFile; fileRef = A37C63572C535122009A0C40 /* AppDelegate.swift */; };
		A37C63612C535123009A0C40 /* Assets.xcassets in Resources */ = {isa = PBXBuildFile; fileRef = A37C63602C535123009A0C40 /* Assets.xcassets */; };
		A37C63642C535123009A0C40 /* LaunchScreen.storyboard in Resources */ = {isa = PBXBuildFile; fileRef = A37C63622C535123009A0C40 /* LaunchScreen.storyboard */; };
		A37C636F2C535123009A0C40 /* TopMoviesTests.swift in Sources */ = {isa = PBXBuildFile; fileRef = A37C636E2C535123009A0C40 /* TopMoviesTests.swift */; };
		A37C63792C535123009A0C40 /* TopMoviesUITests.swift in Sources */ = {isa = PBXBuildFile; fileRef = A37C63782C535123009A0C40 /* TopMoviesUITests.swift */; };
		A37C637B2C535123009A0C40 /* TopMoviesUITestsLaunchTests.swift in Sources */ = {isa = PBXBuildFile; fileRef = A37C637A2C535123009A0C40 /* TopMoviesUITestsLaunchTests.swift */; };
		A37C63882C5355B2009A0C40 /* MovieDetailViewController.swift in Sources */ = {isa = PBXBuildFile; fileRef = A37C63872C5355B2009A0C40 /* MovieDetailViewController.swift */; };
		A37C63AC2C555FF2009A0C40 /* RatingScoreView.swift in Sources */ = {isa = PBXBuildFile; fileRef = A37C63AB2C555FF2009A0C40 /* RatingScoreView.swift */; };
		A37C63AF2C5560BF009A0C40 /* UIColor+AppColors.swift in Sources */ = {isa = PBXBuildFile; fileRef = A37C63AE2C5560BF009A0C40 /* UIColor+AppColors.swift */; };
		A37C63B12C558731009A0C40 /* MovieDetailTitle.swift in Sources */ = {isa = PBXBuildFile; fileRef = A37C63B02C558731009A0C40 /* MovieDetailTitle.swift */; };
		A37C63B32C55B1CB009A0C40 /* MovieDescriptionView.swift in Sources */ = {isa = PBXBuildFile; fileRef = A37C63B22C55B1CB009A0C40 /* MovieDescriptionView.swift */; };
		A37C63B62C55B99C009A0C40 /* MovieListViewController.swift in Sources */ = {isa = PBXBuildFile; fileRef = A37C63B52C55B99C009A0C40 /* MovieListViewController.swift */; };
		A37C63B82C55E4F0009A0C40 /* MovieListViewModel.swift in Sources */ = {isa = PBXBuildFile; fileRef = A37C63B72C55E4F0009A0C40 /* MovieListViewModel.swift */; };
		A37C63BA2C5604ED009A0C40 /* MovieListPresenter.swift in Sources */ = {isa = PBXBuildFile; fileRef = A37C63B92C5604ED009A0C40 /* MovieListPresenter.swift */; };
		A37C63BC2C5604F8009A0C40 /* MovieListInteractor.swift in Sources */ = {isa = PBXBuildFile; fileRef = A37C63BB2C5604F8009A0C40 /* MovieListInteractor.swift */; };
		A37C63BE2C560503009A0C40 /* MovieListRouter.swift in Sources */ = {isa = PBXBuildFile; fileRef = A37C63BD2C560503009A0C40 /* MovieListRouter.swift */; };
		A37C63C02C56055D009A0C40 /* MovieEntity.swift in Sources */ = {isa = PBXBuildFile; fileRef = A37C63BF2C56055D009A0C40 /* MovieEntity.swift */; };
		A37C63C22C560750009A0C40 /* TopMoviesEntity.swift in Sources */ = {isa = PBXBuildFile; fileRef = A37C63C12C560750009A0C40 /* TopMoviesEntity.swift */; };
		A37C63C42C560C0D009A0C40 /* MovieCellView.swift in Sources */ = {isa = PBXBuildFile; fileRef = A37C63C32C560C0D009A0C40 /* MovieCellView.swift */; };
/* End PBXBuildFile section */

/* Begin PBXContainerItemProxy section */
		A37C636B2C535123009A0C40 /* PBXContainerItemProxy */ = {
			isa = PBXContainerItemProxy;
			containerPortal = A37C634C2C535122009A0C40 /* Project object */;
			proxyType = 1;
			remoteGlobalIDString = A37C63532C535122009A0C40;
			remoteInfo = TopMovies;
		};
		A37C63752C535123009A0C40 /* PBXContainerItemProxy */ = {
			isa = PBXContainerItemProxy;
			containerPortal = A37C634C2C535122009A0C40 /* Project object */;
			proxyType = 1;
			remoteGlobalIDString = A37C63532C535122009A0C40;
			remoteInfo = TopMovies;
		};
/* End PBXContainerItemProxy section */

/* Begin PBXFileReference section */
		A304E94B2C56FB88005E2875 /* MovieListApiDataManager.swift */ = {isa = PBXFileReference; lastKnownFileType = sourcecode.swift; path = MovieListApiDataManager.swift; sourceTree = "<group>"; };
		A304E94D2C570469005E2875 /* MovieListPresenterInputProtocol.swift */ = {isa = PBXFileReference; lastKnownFileType = sourcecode.swift; path = MovieListPresenterInputProtocol.swift; sourceTree = "<group>"; };
		A304E94F2C57047B005E2875 /* MovieListInteractorOutputProtocol.swift */ = {isa = PBXFileReference; lastKnownFileType = sourcecode.swift; path = MovieListInteractorOutputProtocol.swift; sourceTree = "<group>"; };
		A304E9522C570498005E2875 /* MovieListInteractorInputProtocol.swift */ = {isa = PBXFileReference; lastKnownFileType = sourcecode.swift; path = MovieListInteractorInputProtocol.swift; sourceTree = "<group>"; };
		A304E9562C570545005E2875 /* MovieListRouterProtocol.swift */ = {isa = PBXFileReference; lastKnownFileType = sourcecode.swift; path = MovieListRouterProtocol.swift; sourceTree = "<group>"; };
		A304E9582C5705A7005E2875 /* MovieListPresenterOutputProtocol.swift */ = {isa = PBXFileReference; lastKnownFileType = sourcecode.swift; path = MovieListPresenterOutputProtocol.swift; sourceTree = "<group>"; };
		A304E95C2C5707A0005E2875 /* MovieListApiDataManagerProtocol.swift */ = {isa = PBXFileReference; lastKnownFileType = sourcecode.swift; path = MovieListApiDataManagerProtocol.swift; sourceTree = "<group>"; };
		A304E9602C586035005E2875 /* MovieViewModelMapper.swift */ = {isa = PBXFileReference; lastKnownFileType = sourcecode.swift; path = MovieViewModelMapper.swift; sourceTree = "<group>"; };
		A304E9622C5860FE005E2875 /* MovieViewModelMapperProtocol.swift */ = {isa = PBXFileReference; lastKnownFileType = sourcecode.swift; path = MovieViewModelMapperProtocol.swift; sourceTree = "<group>"; };
		A304E9662C586708005E2875 /* MovieDetailPresenter.swift */ = {isa = PBXFileReference; lastKnownFileType = sourcecode.swift; path = MovieDetailPresenter.swift; sourceTree = "<group>"; };
		A304E9682C586B2E005E2875 /* MovieDetailViewModelMapper.swift */ = {isa = PBXFileReference; lastKnownFileType = sourcecode.swift; path = MovieDetailViewModelMapper.swift; sourceTree = "<group>"; };
		A304E96B2C586BB0005E2875 /* MovieDetailViewModel.swift */ = {isa = PBXFileReference; lastKnownFileType = sourcecode.swift; path = MovieDetailViewModel.swift; sourceTree = "<group>"; };
		A304E96E2C586FE2005E2875 /* MovieDetailInteractor.swift */ = {isa = PBXFileReference; lastKnownFileType = sourcecode.swift; path = MovieDetailInteractor.swift; sourceTree = "<group>"; };
		A304E9712C5881D2005E2875 /* ImageLoaderService.swift */ = {isa = PBXFileReference; lastKnownFileType = sourcecode.swift; path = ImageLoaderService.swift; sourceTree = "<group>"; };
		A304E9742C5881ED005E2875 /* ImageLoaderServiceProtocol.swift */ = {isa = PBXFileReference; lastKnownFileType = sourcecode.swift; path = ImageLoaderServiceProtocol.swift; sourceTree = "<group>"; };
		A304E97C2C58895A005E2875 /* SpaceMono-Italic.ttf */ = {isa = PBXFileReference; lastKnownFileType = file; path = "SpaceMono-Italic.ttf"; sourceTree = "<group>"; };
		A304E97D2C58895B005E2875 /* SpaceMono-Bold.ttf */ = {isa = PBXFileReference; lastKnownFileType = file; path = "SpaceMono-Bold.ttf"; sourceTree = "<group>"; };
		A304E97E2C58895B005E2875 /* SpaceMono-BoldItalic.ttf */ = {isa = PBXFileReference; lastKnownFileType = file; path = "SpaceMono-BoldItalic.ttf"; sourceTree = "<group>"; };
		A304E97F2C58895B005E2875 /* SpaceMono-Regular.ttf */ = {isa = PBXFileReference; lastKnownFileType = file; path = "SpaceMono-Regular.ttf"; sourceTree = "<group>"; };
		A304E9842C588B13005E2875 /* UIFont+AppFonts.swift */ = {isa = PBXFileReference; lastKnownFileType = sourcecode.swift; path = "UIFont+AppFonts.swift"; sourceTree = "<group>"; };
		A304E98A2C589B8F005E2875 /* MovieDetailInteractorInputProtocol.swift */ = {isa = PBXFileReference; lastKnownFileType = sourcecode.swift; path = MovieDetailInteractorInputProtocol.swift; sourceTree = "<group>"; };
		A304E98C2C589BA1005E2875 /* MovieDetailInteractorOutputProtocol.swift */ = {isa = PBXFileReference; lastKnownFileType = sourcecode.swift; path = MovieDetailInteractorOutputProtocol.swift; sourceTree = "<group>"; };
		A304E98E2C589BBA005E2875 /* MovieDetailPresenterInputProtocol.swift */ = {isa = PBXFileReference; lastKnownFileType = sourcecode.swift; path = MovieDetailPresenterInputProtocol.swift; sourceTree = "<group>"; };
		A304E9902C589BC8005E2875 /* MovieDetailPresenterOutputProtocol.swift */ = {isa = PBXFileReference; lastKnownFileType = sourcecode.swift; path = MovieDetailPresenterOutputProtocol.swift; sourceTree = "<group>"; };
		A304E9922C589BD6005E2875 /* MovieDetailRouterProtocol.swift */ = {isa = PBXFileReference; lastKnownFileType = sourcecode.swift; path = MovieDetailRouterProtocol.swift; sourceTree = "<group>"; };
		A304E9952C589BEA005E2875 /* MovieDetailRouter.swift */ = {isa = PBXFileReference; lastKnownFileType = sourcecode.swift; path = MovieDetailRouter.swift; sourceTree = "<group>"; };
		A304E9972C58AD77005E2875 /* UIImage+Filters.swift */ = {isa = PBXFileReference; lastKnownFileType = sourcecode.swift; path = "UIImage+Filters.swift"; sourceTree = "<group>"; };
		A37C63542C535122009A0C40 /* TopMovies.app */ = {isa = PBXFileReference; explicitFileType = wrapper.application; includeInIndex = 0; path = TopMovies.app; sourceTree = BUILT_PRODUCTS_DIR; };
		A37C63572C535122009A0C40 /* AppDelegate.swift */ = {isa = PBXFileReference; lastKnownFileType = sourcecode.swift; path = AppDelegate.swift; sourceTree = "<group>"; };
		A37C63602C535123009A0C40 /* Assets.xcassets */ = {isa = PBXFileReference; lastKnownFileType = folder.assetcatalog; path = Assets.xcassets; sourceTree = "<group>"; };
		A37C63632C535123009A0C40 /* Base */ = {isa = PBXFileReference; lastKnownFileType = file.storyboard; name = Base; path = Base.lproj/LaunchScreen.storyboard; sourceTree = "<group>"; };
		A37C63652C535123009A0C40 /* Info.plist */ = {isa = PBXFileReference; lastKnownFileType = text.plist.xml; path = Info.plist; sourceTree = "<group>"; };
		A37C636A2C535123009A0C40 /* TopMoviesTests.xctest */ = {isa = PBXFileReference; explicitFileType = wrapper.cfbundle; includeInIndex = 0; path = TopMoviesTests.xctest; sourceTree = BUILT_PRODUCTS_DIR; };
		A37C636E2C535123009A0C40 /* TopMoviesTests.swift */ = {isa = PBXFileReference; lastKnownFileType = sourcecode.swift; path = TopMoviesTests.swift; sourceTree = "<group>"; };
		A37C63742C535123009A0C40 /* TopMoviesUITests.xctest */ = {isa = PBXFileReference; explicitFileType = wrapper.cfbundle; includeInIndex = 0; path = TopMoviesUITests.xctest; sourceTree = BUILT_PRODUCTS_DIR; };
		A37C63782C535123009A0C40 /* TopMoviesUITests.swift */ = {isa = PBXFileReference; lastKnownFileType = sourcecode.swift; path = TopMoviesUITests.swift; sourceTree = "<group>"; };
		A37C637A2C535123009A0C40 /* TopMoviesUITestsLaunchTests.swift */ = {isa = PBXFileReference; lastKnownFileType = sourcecode.swift; path = TopMoviesUITestsLaunchTests.swift; sourceTree = "<group>"; };
		A37C63872C5355B2009A0C40 /* MovieDetailViewController.swift */ = {isa = PBXFileReference; lastKnownFileType = sourcecode.swift; path = MovieDetailViewController.swift; sourceTree = "<group>"; };
		A37C63AB2C555FF2009A0C40 /* RatingScoreView.swift */ = {isa = PBXFileReference; lastKnownFileType = sourcecode.swift; path = RatingScoreView.swift; sourceTree = "<group>"; };
		A37C63AE2C5560BF009A0C40 /* UIColor+AppColors.swift */ = {isa = PBXFileReference; lastKnownFileType = sourcecode.swift; path = "UIColor+AppColors.swift"; sourceTree = "<group>"; };
		A37C63B02C558731009A0C40 /* MovieDetailTitle.swift */ = {isa = PBXFileReference; lastKnownFileType = sourcecode.swift; path = MovieDetailTitle.swift; sourceTree = "<group>"; };
		A37C63B22C55B1CB009A0C40 /* MovieDescriptionView.swift */ = {isa = PBXFileReference; lastKnownFileType = sourcecode.swift; path = MovieDescriptionView.swift; sourceTree = "<group>"; };
		A37C63B52C55B99C009A0C40 /* MovieListViewController.swift */ = {isa = PBXFileReference; lastKnownFileType = sourcecode.swift; path = MovieListViewController.swift; sourceTree = "<group>"; };
		A37C63B72C55E4F0009A0C40 /* MovieListViewModel.swift */ = {isa = PBXFileReference; lastKnownFileType = sourcecode.swift; path = MovieListViewModel.swift; sourceTree = "<group>"; };
		A37C63B92C5604ED009A0C40 /* MovieListPresenter.swift */ = {isa = PBXFileReference; lastKnownFileType = sourcecode.swift; path = MovieListPresenter.swift; sourceTree = "<group>"; };
		A37C63BB2C5604F8009A0C40 /* MovieListInteractor.swift */ = {isa = PBXFileReference; lastKnownFileType = sourcecode.swift; path = MovieListInteractor.swift; sourceTree = "<group>"; };
		A37C63BD2C560503009A0C40 /* MovieListRouter.swift */ = {isa = PBXFileReference; lastKnownFileType = sourcecode.swift; path = MovieListRouter.swift; sourceTree = "<group>"; };
		A37C63BF2C56055D009A0C40 /* MovieEntity.swift */ = {isa = PBXFileReference; lastKnownFileType = sourcecode.swift; path = MovieEntity.swift; sourceTree = "<group>"; };
		A37C63C12C560750009A0C40 /* TopMoviesEntity.swift */ = {isa = PBXFileReference; lastKnownFileType = sourcecode.swift; path = TopMoviesEntity.swift; sourceTree = "<group>"; };
		A37C63C32C560C0D009A0C40 /* MovieCellView.swift */ = {isa = PBXFileReference; lastKnownFileType = sourcecode.swift; path = MovieCellView.swift; sourceTree = "<group>"; };
/* End PBXFileReference section */

/* Begin PBXFrameworksBuildPhase section */
		A37C63512C535122009A0C40 /* Frameworks */ = {
			isa = PBXFrameworksBuildPhase;
			buildActionMask = 2147483647;
			files = (
			);
			runOnlyForDeploymentPostprocessing = 0;
		};
		A37C63672C535123009A0C40 /* Frameworks */ = {
			isa = PBXFrameworksBuildPhase;
			buildActionMask = 2147483647;
			files = (
			);
			runOnlyForDeploymentPostprocessing = 0;
		};
		A37C63712C535123009A0C40 /* Frameworks */ = {
			isa = PBXFrameworksBuildPhase;
			buildActionMask = 2147483647;
			files = (
			);
			runOnlyForDeploymentPostprocessing = 0;
		};
/* End PBXFrameworksBuildPhase section */

/* Begin PBXGroup section */
		A304E94A2C56FB6E005E2875 /* APIDataManager */ = {
			isa = PBXGroup;
			children = (
				A304E94B2C56FB88005E2875 /* MovieListApiDataManager.swift */,
			);
			path = APIDataManager;
			sourceTree = "<group>";
		};
		A304E95A2C570619005E2875 /* Models */ = {
			isa = PBXGroup;
			children = (
				A37C63B72C55E4F0009A0C40 /* MovieListViewModel.swift */,
				A304E9602C586035005E2875 /* MovieViewModelMapper.swift */,
			);
			path = Models;
			sourceTree = "<group>";
		};
		A304E95E2C5717E9005E2875 /* Cell */ = {
			isa = PBXGroup;
			children = (
				A37C63C32C560C0D009A0C40 /* MovieCellView.swift */,
			);
			path = Cell;
			sourceTree = "<group>";
		};
		A304E95F2C571812005E2875 /* Protocols */ = {
			isa = PBXGroup;
			children = (
				A304E94D2C570469005E2875 /* MovieListPresenterInputProtocol.swift */,
				A304E9582C5705A7005E2875 /* MovieListPresenterOutputProtocol.swift */,
				A304E94F2C57047B005E2875 /* MovieListInteractorOutputProtocol.swift */,
				A304E9522C570498005E2875 /* MovieListInteractorInputProtocol.swift */,
				A304E95C2C5707A0005E2875 /* MovieListApiDataManagerProtocol.swift */,
				A304E9562C570545005E2875 /* MovieListRouterProtocol.swift */,
				A304E9622C5860FE005E2875 /* MovieViewModelMapperProtocol.swift */,
			);
			path = Protocols;
			sourceTree = "<group>";
		};
		A304E9642C5866DC005E2875 /* View */ = {
			isa = PBXGroup;
			children = (
				A37C63872C5355B2009A0C40 /* MovieDetailViewController.swift */,
			);
			path = View;
			sourceTree = "<group>";
		};
		A304E9652C5866EF005E2875 /* Presenter */ = {
			isa = PBXGroup;
			children = (
				A304E9662C586708005E2875 /* MovieDetailPresenter.swift */,
				A304E96A2C586B8F005E2875 /* Models */,
			);
			path = Presenter;
			sourceTree = "<group>";
		};
		A304E96A2C586B8F005E2875 /* Models */ = {
			isa = PBXGroup;
			children = (
				A304E96B2C586BB0005E2875 /* MovieDetailViewModel.swift */,
				A304E9682C586B2E005E2875 /* MovieDetailViewModelMapper.swift */,
			);
			path = Models;
			sourceTree = "<group>";
		};
		A304E96D2C586FD0005E2875 /* Interactor */ = {
			isa = PBXGroup;
			children = (
				A304E96E2C586FE2005E2875 /* MovieDetailInteractor.swift */,
			);
			path = Interactor;
			sourceTree = "<group>";
		};
		A304E9702C5881C6005E2875 /* Common */ = {
			isa = PBXGroup;
			children = (
				A304E9712C5881D2005E2875 /* ImageLoaderService.swift */,
				A304E9882C589218005E2875 /* Entities */,
				A304E9732C5881DF005E2875 /* Protocols */,
			);
			path = Common;
			sourceTree = "<group>";
		};
		A304E9732C5881DF005E2875 /* Protocols */ = {
			isa = PBXGroup;
			children = (
				A304E9742C5881ED005E2875 /* ImageLoaderServiceProtocol.swift */,
			);
			path = Protocols;
			sourceTree = "<group>";
		};
		A304E97B2C5888A0005E2875 /* Fonts */ = {
			isa = PBXGroup;
			children = (
				A304E97D2C58895B005E2875 /* SpaceMono-Bold.ttf */,
				A304E97E2C58895B005E2875 /* SpaceMono-BoldItalic.ttf */,
				A304E97C2C58895A005E2875 /* SpaceMono-Italic.ttf */,
				A304E97F2C58895B005E2875 /* SpaceMono-Regular.ttf */,
			);
			path = Fonts;
			sourceTree = "<group>";
		};
		A304E9882C589218005E2875 /* Entities */ = {
			isa = PBXGroup;
			children = (
				A37C63C12C560750009A0C40 /* TopMoviesEntity.swift */,
				A37C63BF2C56055D009A0C40 /* MovieEntity.swift */,
			);
			path = Entities;
			sourceTree = "<group>";
		};
		A304E9892C589B82005E2875 /* Protocols */ = {
			isa = PBXGroup;
			children = (
				A304E98A2C589B8F005E2875 /* MovieDetailInteractorInputProtocol.swift */,
				A304E98C2C589BA1005E2875 /* MovieDetailInteractorOutputProtocol.swift */,
				A304E98E2C589BBA005E2875 /* MovieDetailPresenterInputProtocol.swift */,
				A304E9902C589BC8005E2875 /* MovieDetailPresenterOutputProtocol.swift */,
				A304E9922C589BD6005E2875 /* MovieDetailRouterProtocol.swift */,
			);
			path = Protocols;
			sourceTree = "<group>";
		};
		A304E9942C589BE3005E2875 /* Router */ = {
			isa = PBXGroup;
			children = (
				A304E9952C589BEA005E2875 /* MovieDetailRouter.swift */,
			);
			path = Router;
			sourceTree = "<group>";
		};
		A37C634B2C535122009A0C40 = {
			isa = PBXGroup;
			children = (
				A37C63562C535122009A0C40 /* TopMovies */,
				A37C636D2C535123009A0C40 /* TopMoviesTests */,
				A37C63772C535123009A0C40 /* TopMoviesUITests */,
				A37C63552C535122009A0C40 /* Products */,
			);
			sourceTree = "<group>";
		};
		A37C63552C535122009A0C40 /* Products */ = {
			isa = PBXGroup;
			children = (
				A37C63542C535122009A0C40 /* TopMovies.app */,
				A37C636A2C535123009A0C40 /* TopMoviesTests.xctest */,
				A37C63742C535123009A0C40 /* TopMoviesUITests.xctest */,
			);
			name = Products;
			sourceTree = "<group>";
		};
		A37C63562C535122009A0C40 /* TopMovies */ = {
			isa = PBXGroup;
			children = (
				A304E97B2C5888A0005E2875 /* Fonts */,
				A304E9702C5881C6005E2875 /* Common */,
				A37C63B42C55B967009A0C40 /* MovieList */,
				A37C63892C5355B9009A0C40 /* MovieDetail */,
				A37C63AD2C556098009A0C40 /* Extensions */,
				A37C63AA2C555FD9009A0C40 /* Components */,
				A37C63572C535122009A0C40 /* AppDelegate.swift */,
				A37C63602C535123009A0C40 /* Assets.xcassets */,
				A37C63622C535123009A0C40 /* LaunchScreen.storyboard */,
				A37C63652C535123009A0C40 /* Info.plist */,
			);
			path = TopMovies;
			sourceTree = "<group>";
		};
		A37C636D2C535123009A0C40 /* TopMoviesTests */ = {
			isa = PBXGroup;
			children = (
				A37C636E2C535123009A0C40 /* TopMoviesTests.swift */,
			);
			path = TopMoviesTests;
			sourceTree = "<group>";
		};
		A37C63772C535123009A0C40 /* TopMoviesUITests */ = {
			isa = PBXGroup;
			children = (
				A37C63782C535123009A0C40 /* TopMoviesUITests.swift */,
				A37C637A2C535123009A0C40 /* TopMoviesUITestsLaunchTests.swift */,
			);
			path = TopMoviesUITests;
			sourceTree = "<group>";
		};
		A37C63892C5355B9009A0C40 /* MovieDetail */ = {
			isa = PBXGroup;
			children = (
				A304E9942C589BE3005E2875 /* Router */,
				A304E9892C589B82005E2875 /* Protocols */,
				A304E9642C5866DC005E2875 /* View */,
				A304E96D2C586FD0005E2875 /* Interactor */,
				A304E9652C5866EF005E2875 /* Presenter */,
			);
			path = MovieDetail;
			sourceTree = "<group>";
		};
		A37C63AA2C555FD9009A0C40 /* Components */ = {
			isa = PBXGroup;
			children = (
				A37C63AB2C555FF2009A0C40 /* RatingScoreView.swift */,
				A37C63B02C558731009A0C40 /* MovieDetailTitle.swift */,
				A37C63B22C55B1CB009A0C40 /* MovieDescriptionView.swift */,
			);
			path = Components;
			sourceTree = "<group>";
		};
		A37C63AD2C556098009A0C40 /* Extensions */ = {
			isa = PBXGroup;
			children = (
				A37C63AE2C5560BF009A0C40 /* UIColor+AppColors.swift */,
				A304E9842C588B13005E2875 /* UIFont+AppFonts.swift */,
				A304E9972C58AD77005E2875 /* UIImage+Filters.swift */,
			);
			path = Extensions;
			sourceTree = "<group>";
		};
		A37C63B42C55B967009A0C40 /* MovieList */ = {
			isa = PBXGroup;
			children = (
				A37C63C52C561BF0009A0C40 /* View */,
				A37C63C72C561C0F009A0C40 /* Interactor */,
				A37C63C62C561C00009A0C40 /* Presenter */,
				A37C63C82C561C1A009A0C40 /* Router */,
				A304E94A2C56FB6E005E2875 /* APIDataManager */,
				A304E95F2C571812005E2875 /* Protocols */,
			);
			path = MovieList;
			sourceTree = "<group>";
		};
		A37C63C52C561BF0009A0C40 /* View */ = {
			isa = PBXGroup;
			children = (
				A37C63B52C55B99C009A0C40 /* MovieListViewController.swift */,
				A304E95E2C5717E9005E2875 /* Cell */,
			);
			path = View;
			sourceTree = "<group>";
		};
		A37C63C62C561C00009A0C40 /* Presenter */ = {
			isa = PBXGroup;
			children = (
				A37C63B92C5604ED009A0C40 /* MovieListPresenter.swift */,
				A304E95A2C570619005E2875 /* Models */,
			);
			path = Presenter;
			sourceTree = "<group>";
		};
		A37C63C72C561C0F009A0C40 /* Interactor */ = {
			isa = PBXGroup;
			children = (
				A37C63BB2C5604F8009A0C40 /* MovieListInteractor.swift */,
			);
			path = Interactor;
			sourceTree = "<group>";
		};
		A37C63C82C561C1A009A0C40 /* Router */ = {
			isa = PBXGroup;
			children = (
				A37C63BD2C560503009A0C40 /* MovieListRouter.swift */,
			);
			path = Router;
			sourceTree = "<group>";
		};
/* End PBXGroup section */

/* Begin PBXNativeTarget section */
		A37C63532C535122009A0C40 /* TopMovies */ = {
			isa = PBXNativeTarget;
			buildConfigurationList = A37C637E2C535123009A0C40 /* Build configuration list for PBXNativeTarget "TopMovies" */;
			buildPhases = (
				A37C63502C535122009A0C40 /* Sources */,
				A37C63512C535122009A0C40 /* Frameworks */,
				A37C63522C535122009A0C40 /* Resources */,
			);
			buildRules = (
			);
			dependencies = (
			);
			name = TopMovies;
			productName = TopMovies;
			productReference = A37C63542C535122009A0C40 /* TopMovies.app */;
			productType = "com.apple.product-type.application";
		};
		A37C63692C535123009A0C40 /* TopMoviesTests */ = {
			isa = PBXNativeTarget;
			buildConfigurationList = A37C63812C535123009A0C40 /* Build configuration list for PBXNativeTarget "TopMoviesTests" */;
			buildPhases = (
				A37C63662C535123009A0C40 /* Sources */,
				A37C63672C535123009A0C40 /* Frameworks */,
				A37C63682C535123009A0C40 /* Resources */,
			);
			buildRules = (
			);
			dependencies = (
				A37C636C2C535123009A0C40 /* PBXTargetDependency */,
			);
			name = TopMoviesTests;
			productName = TopMoviesTests;
			productReference = A37C636A2C535123009A0C40 /* TopMoviesTests.xctest */;
			productType = "com.apple.product-type.bundle.unit-test";
		};
		A37C63732C535123009A0C40 /* TopMoviesUITests */ = {
			isa = PBXNativeTarget;
			buildConfigurationList = A37C63842C535123009A0C40 /* Build configuration list for PBXNativeTarget "TopMoviesUITests" */;
			buildPhases = (
				A37C63702C535123009A0C40 /* Sources */,
				A37C63712C535123009A0C40 /* Frameworks */,
				A37C63722C535123009A0C40 /* Resources */,
			);
			buildRules = (
			);
			dependencies = (
				A37C63762C535123009A0C40 /* PBXTargetDependency */,
			);
			name = TopMoviesUITests;
			productName = TopMoviesUITests;
			productReference = A37C63742C535123009A0C40 /* TopMoviesUITests.xctest */;
			productType = "com.apple.product-type.bundle.ui-testing";
		};
/* End PBXNativeTarget section */

/* Begin PBXProject section */
		A37C634C2C535122009A0C40 /* Project object */ = {
			isa = PBXProject;
			attributes = {
				BuildIndependentTargetsInParallel = 1;
				LastSwiftUpdateCheck = 1520;
				LastUpgradeCheck = 1520;
				TargetAttributes = {
					A37C63532C535122009A0C40 = {
						CreatedOnToolsVersion = 15.2;
					};
					A37C63692C535123009A0C40 = {
						CreatedOnToolsVersion = 15.2;
						TestTargetID = A37C63532C535122009A0C40;
					};
					A37C63732C535123009A0C40 = {
						CreatedOnToolsVersion = 15.2;
						TestTargetID = A37C63532C535122009A0C40;
					};
				};
			};
			buildConfigurationList = A37C634F2C535122009A0C40 /* Build configuration list for PBXProject "TopMovies" */;
			compatibilityVersion = "Xcode 14.0";
			developmentRegion = en;
			hasScannedForEncodings = 0;
			knownRegions = (
				en,
				Base,
			);
			mainGroup = A37C634B2C535122009A0C40;
			productRefGroup = A37C63552C535122009A0C40 /* Products */;
			projectDirPath = "";
			projectRoot = "";
			targets = (
				A37C63532C535122009A0C40 /* TopMovies */,
				A37C63692C535123009A0C40 /* TopMoviesTests */,
				A37C63732C535123009A0C40 /* TopMoviesUITests */,
			);
		};
/* End PBXProject section */

/* Begin PBXResourcesBuildPhase section */
		A37C63522C535122009A0C40 /* Resources */ = {
			isa = PBXResourcesBuildPhase;
			buildActionMask = 2147483647;
			files = (
				A304E9822C58895B005E2875 /* SpaceMono-BoldItalic.ttf in Resources */,
				A304E9802C58895B005E2875 /* SpaceMono-Italic.ttf in Resources */,
				A304E9812C58895B005E2875 /* SpaceMono-Bold.ttf in Resources */,
				A37C63642C535123009A0C40 /* LaunchScreen.storyboard in Resources */,
				A37C63612C535123009A0C40 /* Assets.xcassets in Resources */,
				A304E9832C58895B005E2875 /* SpaceMono-Regular.ttf in Resources */,
			);
			runOnlyForDeploymentPostprocessing = 0;
		};
		A37C63682C535123009A0C40 /* Resources */ = {
			isa = PBXResourcesBuildPhase;
			buildActionMask = 2147483647;
			files = (
			);
			runOnlyForDeploymentPostprocessing = 0;
		};
		A37C63722C535123009A0C40 /* Resources */ = {
			isa = PBXResourcesBuildPhase;
			buildActionMask = 2147483647;
			files = (
			);
			runOnlyForDeploymentPostprocessing = 0;
		};
/* End PBXResourcesBuildPhase section */

/* Begin PBXSourcesBuildPhase section */
		A37C63502C535122009A0C40 /* Sources */ = {
			isa = PBXSourcesBuildPhase;
			buildActionMask = 2147483647;
			files = (
				A304E9672C586708005E2875 /* MovieDetailPresenter.swift in Sources */,
				A37C63C42C560C0D009A0C40 /* MovieCellView.swift in Sources */,
				A304E94C2C56FB88005E2875 /* MovieListApiDataManager.swift in Sources */,
				A37C63C22C560750009A0C40 /* TopMoviesEntity.swift in Sources */,
				A37C63882C5355B2009A0C40 /* MovieDetailViewController.swift in Sources */,
				A304E9752C5881ED005E2875 /* ImageLoaderServiceProtocol.swift in Sources */,
				A304E96F2C586FE2005E2875 /* MovieDetailInteractor.swift in Sources */,
				A304E9532C570498005E2875 /* MovieListInteractorInputProtocol.swift in Sources */,
				A304E9692C586B2E005E2875 /* MovieDetailViewModelMapper.swift in Sources */,
				A37C63BA2C5604ED009A0C40 /* MovieListPresenter.swift in Sources */,
				A304E9982C58AD77005E2875 /* UIImage+Filters.swift in Sources */,
				A37C63AF2C5560BF009A0C40 /* UIColor+AppColors.swift in Sources */,
				A304E95D2C5707A0005E2875 /* MovieListApiDataManagerProtocol.swift in Sources */,
				A304E94E2C570469005E2875 /* MovieListPresenterInputProtocol.swift in Sources */,
				A304E9852C588B13005E2875 /* UIFont+AppFonts.swift in Sources */,
				A37C63C02C56055D009A0C40 /* MovieEntity.swift in Sources */,
				A304E98F2C589BBA005E2875 /* MovieDetailPresenterInputProtocol.swift in Sources */,
				A37C63BE2C560503009A0C40 /* MovieListRouter.swift in Sources */,
				A304E9722C5881D2005E2875 /* ImageLoaderService.swift in Sources */,
				A304E9962C589BEA005E2875 /* MovieDetailRouter.swift in Sources */,
				A304E9592C5705A7005E2875 /* MovieListPresenterOutputProtocol.swift in Sources */,
				A304E9502C57047B005E2875 /* MovieListInteractorOutputProtocol.swift in Sources */,
				A37C63AC2C555FF2009A0C40 /* RatingScoreView.swift in Sources */,
				A304E9912C589BC8005E2875 /* MovieDetailPresenterOutputProtocol.swift in Sources */,
				A304E9612C586035005E2875 /* MovieViewModelMapper.swift in Sources */,
				A304E98D2C589BA1005E2875 /* MovieDetailInteractorOutputProtocol.swift in Sources */,
				A37C63B82C55E4F0009A0C40 /* MovieListViewModel.swift in Sources */,
				A304E96C2C586BB0005E2875 /* MovieDetailViewModel.swift in Sources */,
				A304E9932C589BD6005E2875 /* MovieDetailRouterProtocol.swift in Sources */,
				A304E9632C5860FE005E2875 /* MovieViewModelMapperProtocol.swift in Sources */,
				A37C63B12C558731009A0C40 /* MovieDetailTitle.swift in Sources */,
				A37C63B62C55B99C009A0C40 /* MovieListViewController.swift in Sources */,
				A37C63BC2C5604F8009A0C40 /* MovieListInteractor.swift in Sources */,
				A304E9572C570545005E2875 /* MovieListRouterProtocol.swift in Sources */,
				A304E98B2C589B8F005E2875 /* MovieDetailInteractorInputProtocol.swift in Sources */,
				A37C63B32C55B1CB009A0C40 /* MovieDescriptionView.swift in Sources */,
				A37C63582C535122009A0C40 /* AppDelegate.swift in Sources */,
			);
			runOnlyForDeploymentPostprocessing = 0;
		};
		A37C63662C535123009A0C40 /* Sources */ = {
			isa = PBXSourcesBuildPhase;
			buildActionMask = 2147483647;
			files = (
				A37C636F2C535123009A0C40 /* TopMoviesTests.swift in Sources */,
			);
			runOnlyForDeploymentPostprocessing = 0;
		};
		A37C63702C535123009A0C40 /* Sources */ = {
			isa = PBXSourcesBuildPhase;
			buildActionMask = 2147483647;
			files = (
				A37C63792C535123009A0C40 /* TopMoviesUITests.swift in Sources */,
				A37C637B2C535123009A0C40 /* TopMoviesUITestsLaunchTests.swift in Sources */,
			);
			runOnlyForDeploymentPostprocessing = 0;
		};
/* End PBXSourcesBuildPhase section */

/* Begin PBXTargetDependency section */
		A37C636C2C535123009A0C40 /* PBXTargetDependency */ = {
			isa = PBXTargetDependency;
			target = A37C63532C535122009A0C40 /* TopMovies */;
			targetProxy = A37C636B2C535123009A0C40 /* PBXContainerItemProxy */;
		};
		A37C63762C535123009A0C40 /* PBXTargetDependency */ = {
			isa = PBXTargetDependency;
			target = A37C63532C535122009A0C40 /* TopMovies */;
			targetProxy = A37C63752C535123009A0C40 /* PBXContainerItemProxy */;
		};
/* End PBXTargetDependency section */

/* Begin PBXVariantGroup section */
		A37C63622C535123009A0C40 /* LaunchScreen.storyboard */ = {
			isa = PBXVariantGroup;
			children = (
				A37C63632C535123009A0C40 /* Base */,
			);
			name = LaunchScreen.storyboard;
			sourceTree = "<group>";
		};
/* End PBXVariantGroup section */

/* Begin XCBuildConfiguration section */
		A37C637C2C535123009A0C40 /* Debug */ = {
			isa = XCBuildConfiguration;
			buildSettings = {
				ALWAYS_SEARCH_USER_PATHS = NO;
				ASSETCATALOG_COMPILER_GENERATE_SWIFT_ASSET_SYMBOL_EXTENSIONS = YES;
				CLANG_ANALYZER_NONNULL = YES;
				CLANG_ANALYZER_NUMBER_OBJECT_CONVERSION = YES_AGGRESSIVE;
				CLANG_CXX_LANGUAGE_STANDARD = "gnu++20";
				CLANG_ENABLE_MODULES = YES;
				CLANG_ENABLE_OBJC_ARC = YES;
				CLANG_ENABLE_OBJC_WEAK = YES;
				CLANG_WARN_BLOCK_CAPTURE_AUTORELEASING = YES;
				CLANG_WARN_BOOL_CONVERSION = YES;
				CLANG_WARN_COMMA = YES;
				CLANG_WARN_CONSTANT_CONVERSION = YES;
				CLANG_WARN_DEPRECATED_OBJC_IMPLEMENTATIONS = YES;
				CLANG_WARN_DIRECT_OBJC_ISA_USAGE = YES_ERROR;
				CLANG_WARN_DOCUMENTATION_COMMENTS = YES;
				CLANG_WARN_EMPTY_BODY = YES;
				CLANG_WARN_ENUM_CONVERSION = YES;
				CLANG_WARN_INFINITE_RECURSION = YES;
				CLANG_WARN_INT_CONVERSION = YES;
				CLANG_WARN_NON_LITERAL_NULL_CONVERSION = YES;
				CLANG_WARN_OBJC_IMPLICIT_RETAIN_SELF = YES;
				CLANG_WARN_OBJC_LITERAL_CONVERSION = YES;
				CLANG_WARN_OBJC_ROOT_CLASS = YES_ERROR;
				CLANG_WARN_QUOTED_INCLUDE_IN_FRAMEWORK_HEADER = YES;
				CLANG_WARN_RANGE_LOOP_ANALYSIS = YES;
				CLANG_WARN_STRICT_PROTOTYPES = YES;
				CLANG_WARN_SUSPICIOUS_MOVE = YES;
				CLANG_WARN_UNGUARDED_AVAILABILITY = YES_AGGRESSIVE;
				CLANG_WARN_UNREACHABLE_CODE = YES;
				CLANG_WARN__DUPLICATE_METHOD_MATCH = YES;
				COPY_PHASE_STRIP = NO;
				DEBUG_INFORMATION_FORMAT = dwarf;
				ENABLE_STRICT_OBJC_MSGSEND = YES;
				ENABLE_TESTABILITY = YES;
				ENABLE_USER_SCRIPT_SANDBOXING = YES;
				GCC_C_LANGUAGE_STANDARD = gnu17;
				GCC_DYNAMIC_NO_PIC = NO;
				GCC_NO_COMMON_BLOCKS = YES;
				GCC_OPTIMIZATION_LEVEL = 0;
				GCC_PREPROCESSOR_DEFINITIONS = (
					"DEBUG=1",
					"$(inherited)",
				);
				GCC_WARN_64_TO_32_BIT_CONVERSION = YES;
				GCC_WARN_ABOUT_RETURN_TYPE = YES_ERROR;
				GCC_WARN_UNDECLARED_SELECTOR = YES;
				GCC_WARN_UNINITIALIZED_AUTOS = YES_AGGRESSIVE;
				GCC_WARN_UNUSED_FUNCTION = YES;
				GCC_WARN_UNUSED_VARIABLE = YES;
				IPHONEOS_DEPLOYMENT_TARGET = 12.0;
				LOCALIZATION_PREFERS_STRING_CATALOGS = YES;
				MTL_ENABLE_DEBUG_INFO = INCLUDE_SOURCE;
				MTL_FAST_MATH = YES;
				ONLY_ACTIVE_ARCH = YES;
				SDKROOT = iphoneos;
				SWIFT_ACTIVE_COMPILATION_CONDITIONS = "DEBUG $(inherited)";
				SWIFT_OPTIMIZATION_LEVEL = "-Onone";
			};
			name = Debug;
		};
		A37C637D2C535123009A0C40 /* Release */ = {
			isa = XCBuildConfiguration;
			buildSettings = {
				ALWAYS_SEARCH_USER_PATHS = NO;
				ASSETCATALOG_COMPILER_GENERATE_SWIFT_ASSET_SYMBOL_EXTENSIONS = YES;
				CLANG_ANALYZER_NONNULL = YES;
				CLANG_ANALYZER_NUMBER_OBJECT_CONVERSION = YES_AGGRESSIVE;
				CLANG_CXX_LANGUAGE_STANDARD = "gnu++20";
				CLANG_ENABLE_MODULES = YES;
				CLANG_ENABLE_OBJC_ARC = YES;
				CLANG_ENABLE_OBJC_WEAK = YES;
				CLANG_WARN_BLOCK_CAPTURE_AUTORELEASING = YES;
				CLANG_WARN_BOOL_CONVERSION = YES;
				CLANG_WARN_COMMA = YES;
				CLANG_WARN_CONSTANT_CONVERSION = YES;
				CLANG_WARN_DEPRECATED_OBJC_IMPLEMENTATIONS = YES;
				CLANG_WARN_DIRECT_OBJC_ISA_USAGE = YES_ERROR;
				CLANG_WARN_DOCUMENTATION_COMMENTS = YES;
				CLANG_WARN_EMPTY_BODY = YES;
				CLANG_WARN_ENUM_CONVERSION = YES;
				CLANG_WARN_INFINITE_RECURSION = YES;
				CLANG_WARN_INT_CONVERSION = YES;
				CLANG_WARN_NON_LITERAL_NULL_CONVERSION = YES;
				CLANG_WARN_OBJC_IMPLICIT_RETAIN_SELF = YES;
				CLANG_WARN_OBJC_LITERAL_CONVERSION = YES;
				CLANG_WARN_OBJC_ROOT_CLASS = YES_ERROR;
				CLANG_WARN_QUOTED_INCLUDE_IN_FRAMEWORK_HEADER = YES;
				CLANG_WARN_RANGE_LOOP_ANALYSIS = YES;
				CLANG_WARN_STRICT_PROTOTYPES = YES;
				CLANG_WARN_SUSPICIOUS_MOVE = YES;
				CLANG_WARN_UNGUARDED_AVAILABILITY = YES_AGGRESSIVE;
				CLANG_WARN_UNREACHABLE_CODE = YES;
				CLANG_WARN__DUPLICATE_METHOD_MATCH = YES;
				COPY_PHASE_STRIP = NO;
				DEBUG_INFORMATION_FORMAT = "dwarf-with-dsym";
				ENABLE_NS_ASSERTIONS = NO;
				ENABLE_STRICT_OBJC_MSGSEND = YES;
				ENABLE_USER_SCRIPT_SANDBOXING = YES;
				GCC_C_LANGUAGE_STANDARD = gnu17;
				GCC_NO_COMMON_BLOCKS = YES;
				GCC_WARN_64_TO_32_BIT_CONVERSION = YES;
				GCC_WARN_ABOUT_RETURN_TYPE = YES_ERROR;
				GCC_WARN_UNDECLARED_SELECTOR = YES;
				GCC_WARN_UNINITIALIZED_AUTOS = YES_AGGRESSIVE;
				GCC_WARN_UNUSED_FUNCTION = YES;
				GCC_WARN_UNUSED_VARIABLE = YES;
				IPHONEOS_DEPLOYMENT_TARGET = 12.0;
				LOCALIZATION_PREFERS_STRING_CATALOGS = YES;
				MTL_ENABLE_DEBUG_INFO = NO;
				MTL_FAST_MATH = YES;
				SDKROOT = iphoneos;
				SWIFT_COMPILATION_MODE = wholemodule;
				VALIDATE_PRODUCT = YES;
			};
			name = Release;
		};
		A37C637F2C535123009A0C40 /* Debug */ = {
			isa = XCBuildConfiguration;
			buildSettings = {
				ASSETCATALOG_COMPILER_APPICON_NAME = AppIcon;
				ASSETCATALOG_COMPILER_GLOBAL_ACCENT_COLOR_NAME = AccentColor;
				CODE_SIGN_STYLE = Automatic;
				CURRENT_PROJECT_VERSION = 1;
				DEVELOPMENT_TEAM = NFW2T7LQQZ;
				GENERATE_INFOPLIST_FILE = YES;
				INFOPLIST_FILE = TopMovies/Info.plist;
				INFOPLIST_KEY_UIApplicationSupportsIndirectInputEvents = YES;
				INFOPLIST_KEY_UILaunchStoryboardName = LaunchScreen;
				INFOPLIST_KEY_UISupportedInterfaceOrientations = UIInterfaceOrientationPortrait;
				INFOPLIST_KEY_UISupportedInterfaceOrientations_iPad = "UIInterfaceOrientationLandscapeLeft UIInterfaceOrientationLandscapeRight UIInterfaceOrientationPortrait UIInterfaceOrientationPortraitUpsideDown";
				IPHONEOS_DEPLOYMENT_TARGET = 12.0;
				LD_RUNPATH_SEARCH_PATHS = (
					"$(inherited)",
					"@executable_path/Frameworks",
				);
				MARKETING_VERSION = 1.0;
				PRODUCT_BUNDLE_IDENTIFIER = com.javiergallo.TopMovies;
				PRODUCT_NAME = "$(TARGET_NAME)";
				SUPPORTED_PLATFORMS = "iphoneos iphonesimulator";
				SUPPORTS_MACCATALYST = NO;
				SUPPORTS_MAC_DESIGNED_FOR_IPHONE_IPAD = NO;
				SUPPORTS_XR_DESIGNED_FOR_IPHONE_IPAD = NO;
				SWIFT_EMIT_LOC_STRINGS = YES;
				SWIFT_VERSION = 5.0;
				TARGETED_DEVICE_FAMILY = 1;
			};
			name = Debug;
		};
		A37C63802C535123009A0C40 /* Release */ = {
			isa = XCBuildConfiguration;
			buildSettings = {
				ASSETCATALOG_COMPILER_APPICON_NAME = AppIcon;
				ASSETCATALOG_COMPILER_GLOBAL_ACCENT_COLOR_NAME = AccentColor;
				CODE_SIGN_STYLE = Automatic;
				CURRENT_PROJECT_VERSION = 1;
				DEVELOPMENT_TEAM = NFW2T7LQQZ;
				GENERATE_INFOPLIST_FILE = YES;
				INFOPLIST_FILE = TopMovies/Info.plist;
				INFOPLIST_KEY_UIApplicationSupportsIndirectInputEvents = YES;
				INFOPLIST_KEY_UILaunchStoryboardName = LaunchScreen;
				INFOPLIST_KEY_UISupportedInterfaceOrientations = UIInterfaceOrientationPortrait;
				INFOPLIST_KEY_UISupportedInterfaceOrientations_iPad = "UIInterfaceOrientationLandscapeLeft UIInterfaceOrientationLandscapeRight UIInterfaceOrientationPortrait UIInterfaceOrientationPortraitUpsideDown";
				IPHONEOS_DEPLOYMENT_TARGET = 12.0;
				LD_RUNPATH_SEARCH_PATHS = (
					"$(inherited)",
					"@executable_path/Frameworks",
				);
				MARKETING_VERSION = 1.0;
				PRODUCT_BUNDLE_IDENTIFIER = com.javiergallo.TopMovies;
				PRODUCT_NAME = "$(TARGET_NAME)";
				SUPPORTED_PLATFORMS = "iphoneos iphonesimulator";
				SUPPORTS_MACCATALYST = NO;
				SUPPORTS_MAC_DESIGNED_FOR_IPHONE_IPAD = NO;
				SUPPORTS_XR_DESIGNED_FOR_IPHONE_IPAD = NO;
				SWIFT_EMIT_LOC_STRINGS = YES;
				SWIFT_VERSION = 5.0;
				TARGETED_DEVICE_FAMILY = 1;
			};
			name = Release;
		};
		A37C63822C535123009A0C40 /* Debug */ = {
			isa = XCBuildConfiguration;
			buildSettings = {
				ALWAYS_EMBED_SWIFT_STANDARD_LIBRARIES = YES;
				BUNDLE_LOADER = "$(TEST_HOST)";
				CODE_SIGN_STYLE = Automatic;
				CURRENT_PROJECT_VERSION = 1;
				DEVELOPMENT_TEAM = NFW2T7LQQZ;
				GENERATE_INFOPLIST_FILE = YES;
				IPHONEOS_DEPLOYMENT_TARGET = 12.0;
				MARKETING_VERSION = 1.0;
				PRODUCT_BUNDLE_IDENTIFIER = com.javiergallo.TopMoviesTests;
				PRODUCT_NAME = "$(TARGET_NAME)";
				SUPPORTED_PLATFORMS = "iphoneos iphonesimulator";
				SUPPORTS_MACCATALYST = NO;
				SUPPORTS_MAC_DESIGNED_FOR_IPHONE_IPAD = NO;
				SUPPORTS_XR_DESIGNED_FOR_IPHONE_IPAD = NO;
				SWIFT_EMIT_LOC_STRINGS = NO;
				SWIFT_VERSION = 5.0;
				TARGETED_DEVICE_FAMILY = 1;
				TEST_HOST = "$(BUILT_PRODUCTS_DIR)/TopMovies.app/$(BUNDLE_EXECUTABLE_FOLDER_PATH)/TopMovies";
			};
			name = Debug;
		};
		A37C63832C535123009A0C40 /* Release */ = {
			isa = XCBuildConfiguration;
			buildSettings = {
				ALWAYS_EMBED_SWIFT_STANDARD_LIBRARIES = YES;
				BUNDLE_LOADER = "$(TEST_HOST)";
				CODE_SIGN_STYLE = Automatic;
				CURRENT_PROJECT_VERSION = 1;
				DEVELOPMENT_TEAM = NFW2T7LQQZ;
				GENERATE_INFOPLIST_FILE = YES;
				IPHONEOS_DEPLOYMENT_TARGET = 12.0;
				MARKETING_VERSION = 1.0;
				PRODUCT_BUNDLE_IDENTIFIER = com.javiergallo.TopMoviesTests;
				PRODUCT_NAME = "$(TARGET_NAME)";
				SUPPORTED_PLATFORMS = "iphoneos iphonesimulator";
				SUPPORTS_MACCATALYST = NO;
				SUPPORTS_MAC_DESIGNED_FOR_IPHONE_IPAD = NO;
				SUPPORTS_XR_DESIGNED_FOR_IPHONE_IPAD = NO;
				SWIFT_EMIT_LOC_STRINGS = NO;
				SWIFT_VERSION = 5.0;
				TARGETED_DEVICE_FAMILY = 1;
				TEST_HOST = "$(BUILT_PRODUCTS_DIR)/TopMovies.app/$(BUNDLE_EXECUTABLE_FOLDER_PATH)/TopMovies";
			};
			name = Release;
		};
		A37C63852C535123009A0C40 /* Debug */ = {
			isa = XCBuildConfiguration;
			buildSettings = {
				ALWAYS_EMBED_SWIFT_STANDARD_LIBRARIES = YES;
				CODE_SIGN_STYLE = Automatic;
				CURRENT_PROJECT_VERSION = 1;
				DEVELOPMENT_TEAM = NFW2T7LQQZ;
				GENERATE_INFOPLIST_FILE = YES;
				IPHONEOS_DEPLOYMENT_TARGET = 12.0;
				MARKETING_VERSION = 1.0;
				PRODUCT_BUNDLE_IDENTIFIER = com.javiergallo.TopMoviesUITests;
				PRODUCT_NAME = "$(TARGET_NAME)";
				SUPPORTED_PLATFORMS = "iphoneos iphonesimulator";
				SUPPORTS_MACCATALYST = NO;
				SUPPORTS_MAC_DESIGNED_FOR_IPHONE_IPAD = NO;
				SUPPORTS_XR_DESIGNED_FOR_IPHONE_IPAD = NO;
				SWIFT_EMIT_LOC_STRINGS = NO;
				SWIFT_VERSION = 5.0;
				TARGETED_DEVICE_FAMILY = 1;
				TEST_TARGET_NAME = TopMovies;
			};
			name = Debug;
		};
		A37C63862C535123009A0C40 /* Release */ = {
			isa = XCBuildConfiguration;
			buildSettings = {
				ALWAYS_EMBED_SWIFT_STANDARD_LIBRARIES = YES;
				CODE_SIGN_STYLE = Automatic;
				CURRENT_PROJECT_VERSION = 1;
				DEVELOPMENT_TEAM = NFW2T7LQQZ;
				GENERATE_INFOPLIST_FILE = YES;
				IPHONEOS_DEPLOYMENT_TARGET = 12.0;
				MARKETING_VERSION = 1.0;
				PRODUCT_BUNDLE_IDENTIFIER = com.javiergallo.TopMoviesUITests;
				PRODUCT_NAME = "$(TARGET_NAME)";
				SUPPORTED_PLATFORMS = "iphoneos iphonesimulator";
				SUPPORTS_MACCATALYST = NO;
				SUPPORTS_MAC_DESIGNED_FOR_IPHONE_IPAD = NO;
				SUPPORTS_XR_DESIGNED_FOR_IPHONE_IPAD = NO;
				SWIFT_EMIT_LOC_STRINGS = NO;
				SWIFT_VERSION = 5.0;
				TARGETED_DEVICE_FAMILY = 1;
				TEST_TARGET_NAME = TopMovies;
			};
			name = Release;
		};
/* End XCBuildConfiguration section */

/* Begin XCConfigurationList section */
		A37C634F2C535122009A0C40 /* Build configuration list for PBXProject "TopMovies" */ = {
			isa = XCConfigurationList;
			buildConfigurations = (
				A37C637C2C535123009A0C40 /* Debug */,
				A37C637D2C535123009A0C40 /* Release */,
			);
			defaultConfigurationIsVisible = 0;
			defaultConfigurationName = Release;
		};
		A37C637E2C535123009A0C40 /* Build configuration list for PBXNativeTarget "TopMovies" */ = {
			isa = XCConfigurationList;
			buildConfigurations = (
				A37C637F2C535123009A0C40 /* Debug */,
				A37C63802C535123009A0C40 /* Release */,
			);
			defaultConfigurationIsVisible = 0;
			defaultConfigurationName = Release;
		};
		A37C63812C535123009A0C40 /* Build configuration list for PBXNativeTarget "TopMoviesTests" */ = {
			isa = XCConfigurationList;
			buildConfigurations = (
				A37C63822C535123009A0C40 /* Debug */,
				A37C63832C535123009A0C40 /* Release */,
			);
			defaultConfigurationIsVisible = 0;
			defaultConfigurationName = Release;
		};
		A37C63842C535123009A0C40 /* Build configuration list for PBXNativeTarget "TopMoviesUITests" */ = {
			isa = XCConfigurationList;
			buildConfigurations = (
				A37C63852C535123009A0C40 /* Debug */,
				A37C63862C535123009A0C40 /* Release */,
			);
			defaultConfigurationIsVisible = 0;
			defaultConfigurationName = Release;
		};
/* End XCConfigurationList section */
	};
	rootObject = A37C634C2C535122009A0C40 /* Project object */;
}
